
Microsoft Visual Studio Solution File, Format Version 12.00
# Visual Studio Version 17
VisualStudioVersion = 17.0.32014.148
MinimumVisualStudioVersion = 10.0.40219.1
Project("{FAE04EC0-301F-11D3-BF4B-00C04F79EFBC}") = "SandboxConsoleApp", "SandboxConsoleApp\SandboxConsoleApp.csproj", "{AA07ABCB-015B-42AA-ADD5-F92BE6725E82}"
EndProject
Project("{FAE04EC0-301F-11D3-BF4B-00C04F79EFBC}") = "MacroGui", "MacroGui\MacroGui.csproj", "{D9FF06F4-C003-4A08-BFE2-04E81195972E}"
EndProject
Project("{FAE04EC0-301F-11D3-BF4B-00C04F79EFBC}") = "Shared", "Shared\Shared.csproj", "{0BF2C046-48C8-4157-BBA5-ADD31741CCF9}"
EndProject
Project("{FAE04EC0-301F-11D3-BF4B-00C04F79EFBC}") = "Shared.Discord", "Shared.Discord\Shared.Discord.csproj", "{69609668-EBEF-4F7C-962E-ECA8CDF53FDA}"
EndProject
Project("{FAE04EC0-301F-11D3-BF4B-00C04F79EFBC}") = "InputTracker", "InputTracker\InputTracker.csproj", "{2516E5F4-EC23-4BE6-A428-543BFBB9936D}"
EndProject
Global
	GlobalSection(SolutionConfigurationPlatforms) = preSolution
		Debug|Any CPU = Debug|Any CPU
		Release|Any CPU = Release|Any CPU
	EndGlobalSection
	GlobalSection(ProjectConfigurationPlatforms) = postSolution
		{AA07ABCB-015B-42AA-ADD5-F92BE6725E82}.Debug|Any CPU.ActiveCfg = Debug|Any CPU
		{AA07ABCB-015B-42AA-ADD5-F92BE6725E82}.Debug|Any CPU.Build.0 = Debug|Any CPU
		{AA07ABCB-015B-42AA-ADD5-F92BE6725E82}.Release|Any CPU.ActiveCfg = Release|Any CPU
		{AA07ABCB-015B-42AA-ADD5-F92BE6725E82}.Release|Any CPU.Build.0 = Release|Any CPU
		{D9FF06F4-C003-4A08-BFE2-04E81195972E}.Debug|Any CPU.ActiveCfg = Debug|Any CPU
		{D9FF06F4-C003-4A08-BFE2-04E81195972E}.Debug|Any CPU.Build.0 = Debug|Any CPU
		{D9FF06F4-C003-4A08-BFE2-04E81195972E}.Release|Any CPU.ActiveCfg = Release|Any CPU
		{D9FF06F4-C003-4A08-BFE2-04E81195972E}.Release|Any CPU.Build.0 = Release|Any CPU
		{0BF2C046-48C8-4157-BBA5-ADD31741CCF9}.Debug|Any CPU.ActiveCfg = Debug|Any CPU
		{0BF2C046-48C8-4157-BBA5-ADD31741CCF9}.Debug|Any CPU.Build.0 = Debug|Any CPU
		{0BF2C046-48C8-4157-BBA5-ADD31741CCF9}.Release|Any CPU.ActiveCfg = Release|Any CPU
		{0BF2C046-48C8-4157-BBA5-ADD31741CCF9}.Release|Any CPU.Build.0 = Release|Any CPU
		{69609668-EBEF-4F7C-962E-ECA8CDF53FDA}.Debug|Any CPU.ActiveCfg = Debug|Any CPU
		{69609668-EBEF-4F7C-962E-ECA8CDF53FDA}.Debug|Any CPU.Build.0 = Debug|Any CPU
		{69609668-EBEF-4F7C-962E-ECA8CDF53FDA}.Release|Any CPU.ActiveCfg = Release|Any CPU
		{69609668-EBEF-4F7C-962E-ECA8CDF53FDA}.Release|Any CPU.Build.0 = Release|Any CPU
		{2516E5F4-EC23-4BE6-A428-543BFBB9936D}.Debug|Any CPU.ActiveCfg = Debug|Any CPU
		{2516E5F4-EC23-4BE6-A428-543BFBB9936D}.Debug|Any CPU.Build.0 = Debug|Any CPU
		{2516E5F4-EC23-4BE6-A428-543BFBB9936D}.Release|Any CPU.ActiveCfg = Release|Any CPU
		{2516E5F4-EC23-4BE6-A428-543BFBB9936D}.Release|Any CPU.Build.0 = Release|Any CPU
	EndGlobalSection
	GlobalSection(SolutionProperties) = preSolution
		HideSolutionNode = FALSE
	EndGlobalSection
	GlobalSection(ExtensibilityGlobals) = postSolution
		SolutionGuid = {E37999E0-8FC9-4248-A8A1-0569E8EC1462}
	EndGlobalSection
EndGlobal
